
Microsoft Visual Studio Solution File, Format Version 12.00
# Visual Studio 15
VisualStudioVersion = 15.0.28307.168
MinimumVisualStudioVersion = 10.0.40219.1
Project("{FAE04EC0-301F-11D3-BF4B-00C04F79EFBC}") = "ProjektniCentarSkole", "ProjektniCentarSkole\ProjektniCentarSkole.csproj", "{302B174B-7FA6-412D-8A27-4BDD276717ED}"
EndProject
Global
	GlobalSection(SolutionConfigurationPlatforms) = preSolution
		Debug|Any CPU = Debug|Any CPU
		Release|Any CPU = Release|Any CPU
	EndGlobalSection
	GlobalSection(ProjectConfigurationPlatforms) = postSolution
		{302B174B-7FA6-412D-8A27-4BDD276717ED}.Debug|Any CPU.ActiveCfg = Debug|Any CPU
		{302B174B-7FA6-412D-8A27-4BDD276717ED}.Debug|Any CPU.Build.0 = Debug|Any CPU
		{302B174B-7FA6-412D-8A27-4BDD276717ED}.Release|Any CPU.ActiveCfg = Release|Any CPU
		{302B174B-7FA6-412D-8A27-4BDD276717ED}.Release|Any CPU.Build.0 = Release|Any CPU
	EndGlobalSection
	GlobalSection(SolutionProperties) = preSolution
		HideSolutionNode = FALSE
	EndGlobalSection
	GlobalSection(ExtensibilityGlobals) = postSolution
		SolutionGuid = {73250FBD-7CC1-4298-AB56-B113FA8AEBA6}
	EndGlobalSection
EndGlobal
